{
  "name": "backend",
  "version": "1.0.0",
  "lockfileVersion": 2,
  "requires": true,
  "packages": {
    "": {
      "name": "backend",
      "version": "1.0.0",
      "license": "ISC",
      "dependencies": {
        "@k-foss/ts-esnode": "^2.0.2",
        "@types/uuid": "^8.3.4",
        "uuid": "^8.3.2"
      },
      "devDependencies": {
        "@types/node": "^18.6.5",
        "aws-cdk": "^2.36.0",
        "aws-cdk-lib": "^2.36.0",
        "constructs": "^10.1.71",
        "esbuild": "^0.15.0",
        "ts-node": "^10.9.1",
        "typescript": "^4.7.4"
      }
    },
    "node_modules/@cspotcode/source-map-support": {
      "version": "0.8.1",
      "resolved": "https://registry.npmjs.org/@cspotcode/source-map-support/-/source-map-support-0.8.1.tgz",
      "integrity": "sha512-IchNf6dN4tHoMFIn/7OE8LWZ19Y6q/67Bmf6vnGREv8RSbBVb9LPJxEcnwrcwX6ixSvaiGoomAUvu4YSxXrVgw==",
      "dev": true,
      "dependencies": {
        "@jridgewell/trace-mapping": "0.3.9"
      },
      "engines": {
        "node": ">=12"
      }
    },
    "node_modules/@esbuild/linux-loong64": {
      "version": "0.15.0",
      "resolved": "https://registry.npmjs.org/@esbuild/linux-loong64/-/linux-loong64-0.15.0.tgz",
      "integrity": "sha512-7ChD3qsxRPIPp9bfjspZiM/x8B1UZL7IKwp0YdnC1kKsDCB5Q8/TexedeeEbkI9inlunu8Lll2lP2wnkiXTCLA==",
      "cpu": [
        "loong64"
      ],
      "dev": true,
      "optional": true,
      "os": [
        "linux"
      ],
      "engines": {
        "node": ">=12"
      }
    },
    "node_modules/@jridgewell/resolve-uri": {
      "version": "3.1.0",
      "resolved": "https://registry.npmjs.org/@jridgewell/resolve-uri/-/resolve-uri-3.1.0.tgz",
      "integrity": "sha512-F2msla3tad+Mfht5cJq7LSXcdudKTWCVYUgw6pLFOOHSTtZlj6SWNYAp+AhuqLmWdBO2X5hPrLcu8cVP8fy28w==",
      "dev": true,
      "engines": {
        "node": ">=6.0.0"
      }
    },
    "node_modules/@jridgewell/sourcemap-codec": {
      "version": "1.4.14",
      "resolved": "https://registry.npmjs.org/@jridgewell/sourcemap-codec/-/sourcemap-codec-1.4.14.tgz",
      "integrity": "sha512-XPSJHWmi394fuUuzDnGz1wiKqWfo1yXecHQMRf2l6hztTO+nPru658AyDngaBe7isIxEkRsPR3FZh+s7iVa4Uw==",
      "dev": true
    },
    "node_modules/@jridgewell/trace-mapping": {
      "version": "0.3.9",
      "resolved": "https://registry.npmjs.org/@jridgewell/trace-mapping/-/trace-mapping-0.3.9.tgz",
      "integrity": "sha512-3Belt6tdc8bPgAtbcmdtNJlirVoTmEb5e2gC94PnkwEW9jI6CAHUeoG85tjWP5WquqfavoMtMwiG4P926ZKKuQ==",
      "dev": true,
      "dependencies": {
        "@jridgewell/resolve-uri": "^3.0.3",
        "@jridgewell/sourcemap-codec": "^1.4.10"
      }
    },
    "node_modules/@k-foss/ts-esnode": {
      "version": "2.0.2",
      "resolved": "https://registry.npmjs.org/@k-foss/ts-esnode/-/ts-esnode-2.0.2.tgz",
      "integrity": "sha512-ysEOUR7EkvSsmwNc3AWUL8Rk3IT4fM6GgXImEtIGLj8nO0PGLfAp4yCsJoC6ZqwfhnTxL6viaNqnk9yqpKmx3Q==",
      "engines": {
        "node": ">= 14.5"
      },
      "peerDependencies": {
        "typescript": ">=3.7"
      }
    },
    "node_modules/@tsconfig/node10": {
      "version": "1.0.9",
      "resolved": "https://registry.npmjs.org/@tsconfig/node10/-/node10-1.0.9.tgz",
      "integrity": "sha512-jNsYVVxU8v5g43Erja32laIDHXeoNvFEpX33OK4d6hljo3jDhCBDhx5dhCCTMWUojscpAagGiRkBKxpdl9fxqA==",
      "dev": true
    },
    "node_modules/@tsconfig/node12": {
      "version": "1.0.11",
      "resolved": "https://registry.npmjs.org/@tsconfig/node12/-/node12-1.0.11.tgz",
      "integrity": "sha512-cqefuRsh12pWyGsIoBKJA9luFu3mRxCA+ORZvA4ktLSzIuCUtWVxGIuXigEwO5/ywWFMZ2QEGKWvkZG1zDMTag==",
      "dev": true
    },
    "node_modules/@tsconfig/node14": {
      "version": "1.0.3",
      "resolved": "https://registry.npmjs.org/@tsconfig/node14/-/node14-1.0.3.tgz",
      "integrity": "sha512-ysT8mhdixWK6Hw3i1V2AeRqZ5WfXg1G43mqoYlM2nc6388Fq5jcXyr5mRsqViLx/GJYdoL0bfXD8nmF+Zn/Iow==",
      "dev": true
    },
    "node_modules/@tsconfig/node16": {
      "version": "1.0.3",
      "resolved": "https://registry.npmjs.org/@tsconfig/node16/-/node16-1.0.3.tgz",
      "integrity": "sha512-yOlFc+7UtL/89t2ZhjPvvB/DeAr3r+Dq58IgzsFkOAvVC6NMJXmCGjbptdXdR9qsX7pKcTL+s87FtYREi2dEEQ==",
      "dev": true
    },
    "node_modules/@types/node": {
      "version": "18.6.5",
      "resolved": "https://registry.npmjs.org/@types/node/-/node-18.6.5.tgz",
      "integrity": "sha512-Xjt5ZGUa5WusGZJ4WJPbOT8QOqp6nDynVFRKcUt32bOgvXEoc6o085WNkYTMO7ifAj2isEfQQ2cseE+wT6jsRw==",
      "dev": true
    },
    "node_modules/@types/uuid": {
      "version": "8.3.4",
      "resolved": "https://registry.npmjs.org/@types/uuid/-/uuid-8.3.4.tgz",
      "integrity": "sha512-c/I8ZRb51j+pYGAu5CrFMRxqZ2ke4y2grEBO5AUjgSkSk+qT2Ea+OdWElz/OiMf5MNpn2b17kuVBwZLQJXzihw=="
    },
    "node_modules/acorn": {
      "version": "8.8.0",
      "resolved": "https://registry.npmjs.org/acorn/-/acorn-8.8.0.tgz",
      "integrity": "sha512-QOxyigPVrpZ2GXT+PFyZTl6TtOFc5egxHIP9IlQ+RbupQuX4RkT/Bee4/kQuC02Xkzg84JcT7oLYtDIQxp+v7w==",
      "dev": true,
      "bin": {
        "acorn": "bin/acorn"
      },
      "engines": {
        "node": ">=0.4.0"
      }
    },
    "node_modules/acorn-walk": {
      "version": "8.2.0",
      "resolved": "https://registry.npmjs.org/acorn-walk/-/acorn-walk-8.2.0.tgz",
      "integrity": "sha512-k+iyHEuPgSw6SbuDpGQM+06HQUa04DZ3o+F6CSzXMvvI5KMvnaEqXe+YVe555R9nn6GPt404fos4wcgpw12SDA==",
      "dev": true,
      "engines": {
        "node": ">=0.4.0"
      }
    },
    "node_modules/arg": {
      "version": "4.1.3",
      "resolved": "https://registry.npmjs.org/arg/-/arg-4.1.3.tgz",
      "integrity": "sha512-58S9QDqG0Xx27YwPSt9fJxivjYl432YCwfDMfZ+71RAqUrZef7LrKQZ3LHLOwCS4FLNBplP533Zx895SeOCHvA==",
      "dev": true
    },
    "node_modules/aws-cdk": {
      "version": "2.37.0",
      "resolved": "https://registry.npmjs.org/aws-cdk/-/aws-cdk-2.37.0.tgz",
      "integrity": "sha512-ntDHyZsb3RRXGhaMfngcTu8ntQ/kwcO4qRqWPt+be0TybbvqjNfaV/MBGb8hHPuTUmQOJhoyjcE1lyYEyCtBrg==",
      "dev": true,
      "bin": {
        "cdk": "bin/cdk"
      },
      "engines": {
        "node": ">= 14.15.0"
      },
      "optionalDependencies": {
        "fsevents": "2.3.2"
      }
    },
    "node_modules/aws-cdk-lib": {
      "version": "2.37.0",
      "resolved": "https://registry.npmjs.org/aws-cdk-lib/-/aws-cdk-lib-2.37.0.tgz",
      "integrity": "sha512-dIeJO3qTJI6nUbPB1T0GdolZ8ictNyqwWM21BfQn5i/DoTwOArIR3/DANuw5FjyjdN1KhtZJeTwipX4Vk2VPfA==",
      "bundleDependencies": [
        "@balena/dockerignore",
        "case",
        "fs-extra",
        "ignore",
        "jsonschema",
        "minimatch",
        "punycode",
        "semver",
        "yaml"
      ],
      "dev": true,
      "dependencies": {
        "@balena/dockerignore": "^1.0.2",
        "case": "1.6.3",
        "fs-extra": "^9.1.0",
        "ignore": "^5.2.0",
        "jsonschema": "^1.4.1",
        "minimatch": "^3.1.2",
        "punycode": "^2.1.1",
        "semver": "^7.3.7",
        "yaml": "1.10.2"
      },
      "engines": {
        "node": ">= 14.15.0"
      },
      "peerDependencies": {
        "constructs": "^10.0.0"
      }
    },
    "node_modules/aws-cdk-lib/node_modules/@balena/dockerignore": {
      "version": "1.0.2",
      "dev": true,
      "inBundle": true,
      "license": "Apache-2.0"
    },
    "node_modules/aws-cdk-lib/node_modules/at-least-node": {
      "version": "1.0.0",
      "dev": true,
      "inBundle": true,
      "license": "ISC",
      "engines": {
        "node": ">= 4.0.0"
      }
    },
    "node_modules/aws-cdk-lib/node_modules/balanced-match": {
      "version": "1.0.2",
      "dev": true,
      "inBundle": true,
      "license": "MIT"
    },
    "node_modules/aws-cdk-lib/node_modules/brace-expansion": {
      "version": "1.1.11",
      "dev": true,
      "inBundle": true,
      "license": "MIT",
      "dependencies": {
        "balanced-match": "^1.0.0",
        "concat-map": "0.0.1"
      }
    },
    "node_modules/aws-cdk-lib/node_modules/case": {
      "version": "1.6.3",
      "dev": true,
      "inBundle": true,
      "license": "(MIT OR GPL-3.0-or-later)",
      "engines": {
        "node": ">= 0.8.0"
      }
    },
    "node_modules/aws-cdk-lib/node_modules/concat-map": {
      "version": "0.0.1",
      "dev": true,
      "inBundle": true,
      "license": "MIT"
    },
    "node_modules/aws-cdk-lib/node_modules/fs-extra": {
      "version": "9.1.0",
      "dev": true,
      "inBundle": true,
      "license": "MIT",
      "dependencies": {
        "at-least-node": "^1.0.0",
        "graceful-fs": "^4.2.0",
        "jsonfile": "^6.0.1",
        "universalify": "^2.0.0"
      },
      "engines": {
        "node": ">=10"
      }
    },
    "node_modules/aws-cdk-lib/node_modules/graceful-fs": {
      "version": "4.2.10",
      "dev": true,
      "inBundle": true,
      "license": "ISC"
    },
    "node_modules/aws-cdk-lib/node_modules/ignore": {
      "version": "5.2.0",
      "dev": true,
      "inBundle": true,
      "license": "MIT",
      "engines": {
        "node": ">= 4"
      }
    },
    "node_modules/aws-cdk-lib/node_modules/jsonfile": {
      "version": "6.1.0",
      "dev": true,
      "inBundle": true,
      "license": "MIT",
      "dependencies": {
        "universalify": "^2.0.0"
      },
      "optionalDependencies": {
        "graceful-fs": "^4.1.6"
      }
    },
    "node_modules/aws-cdk-lib/node_modules/jsonschema": {
      "version": "1.4.1",
      "dev": true,
      "inBundle": true,
      "license": "MIT",
      "engines": {
        "node": "*"
      }
    },
    "node_modules/aws-cdk-lib/node_modules/lru-cache": {
      "version": "6.0.0",
      "dev": true,
      "inBundle": true,
      "license": "ISC",
      "dependencies": {
        "yallist": "^4.0.0"
      },
      "engines": {
        "node": ">=10"
      }
    },
    "node_modules/aws-cdk-lib/node_modules/minimatch": {
      "version": "3.1.2",
      "dev": true,
      "inBundle": true,
      "license": "ISC",
      "dependencies": {
        "brace-expansion": "^1.1.7"
      },
      "engines": {
        "node": "*"
      }
    },
    "node_modules/aws-cdk-lib/node_modules/punycode": {
      "version": "2.1.1",
      "dev": true,
      "inBundle": true,
      "license": "MIT",
      "engines": {
        "node": ">=6"
      }
    },
    "node_modules/aws-cdk-lib/node_modules/semver": {
      "version": "7.3.7",
      "dev": true,
      "inBundle": true,
      "license": "ISC",
      "dependencies": {
        "lru-cache": "^6.0.0"
      },
      "bin": {
        "semver": "bin/semver.js"
      },
      "engines": {
        "node": ">=10"
      }
    },
    "node_modules/aws-cdk-lib/node_modules/universalify": {
      "version": "2.0.0",
      "dev": true,
      "inBundle": true,
      "license": "MIT",
      "engines": {
        "node": ">= 10.0.0"
      }
    },
    "node_modules/aws-cdk-lib/node_modules/yallist": {
      "version": "4.0.0",
      "dev": true,
      "inBundle": true,
      "license": "ISC"
    },
    "node_modules/aws-cdk-lib/node_modules/yaml": {
      "version": "1.10.2",
      "dev": true,
      "inBundle": true,
      "license": "ISC",
      "engines": {
        "node": ">= 6"
      }
    },
    "node_modules/constructs": {
      "version": "10.1.71",
      "resolved": "https://registry.npmjs.org/constructs/-/constructs-10.1.71.tgz",
      "integrity": "sha512-nvjfjxqAkgOXljN+Qb2QndtmpjjrltwQ4d1+DL9OII38VnwtbGSvkpKao3CucXERj2JV8zTDx6leRSMgz6QIjw==",
      "dev": true,
      "engines": {
        "node": ">= 14.17.0"
      }
    },
    "node_modules/create-require": {
      "version": "1.1.1",
      "resolved": "https://registry.npmjs.org/create-require/-/create-require-1.1.1.tgz",
      "integrity": "sha512-dcKFX3jn0MpIaXjisoRvexIJVEKzaq7z2rZKxf+MSr9TkdmHmsU4m2lcLojrj/FHl8mk5VxMmYA+ftRkP/3oKQ==",
      "dev": true
    },
    "node_modules/diff": {
      "version": "4.0.2",
      "resolved": "https://registry.npmjs.org/diff/-/diff-4.0.2.tgz",
      "integrity": "sha512-58lmxKSA4BNyLz+HHMUzlOEpg09FV+ev6ZMe3vJihgdxzgcwZ8VoEEPmALCZG9LmqfVoNMMKpttIYTVG6uDY7A==",
      "dev": true,
      "engines": {
        "node": ">=0.3.1"
      }
    },
    "node_modules/esbuild": {
      "version": "0.15.0",
      "resolved": "https://registry.npmjs.org/esbuild/-/esbuild-0.15.0.tgz",
      "integrity": "sha512-UUDSelGc/EOhzn0zpkdhLA3iB+jq2OS5gnMUMz/BqAKBIsWR2fTHqrddNPt2PNj3OUchqcMcTHSUBr+VpYpcsQ==",
      "dev": true,
      "hasInstallScript": true,
      "bin": {
        "esbuild": "bin/esbuild"
      },
      "engines": {
        "node": ">=12"
      },
      "optionalDependencies": {
        "@esbuild/linux-loong64": "0.15.0",
        "esbuild-android-64": "0.15.0",
        "esbuild-android-arm64": "0.15.0",
        "esbuild-darwin-64": "0.15.0",
        "esbuild-darwin-arm64": "0.15.0",
        "esbuild-freebsd-64": "0.15.0",
        "esbuild-freebsd-arm64": "0.15.0",
        "esbuild-linux-32": "0.15.0",
        "esbuild-linux-64": "0.15.0",
        "esbuild-linux-arm": "0.15.0",
        "esbuild-linux-arm64": "0.15.0",
        "esbuild-linux-mips64le": "0.15.0",
        "esbuild-linux-ppc64le": "0.15.0",
        "esbuild-linux-riscv64": "0.15.0",
        "esbuild-linux-s390x": "0.15.0",
        "esbuild-netbsd-64": "0.15.0",
        "esbuild-openbsd-64": "0.15.0",
        "esbuild-sunos-64": "0.15.0",
        "esbuild-windows-32": "0.15.0",
        "esbuild-windows-64": "0.15.0",
        "esbuild-windows-arm64": "0.15.0"
      }
    },
    "node_modules/esbuild-android-64": {
      "version": "0.15.0",
      "resolved": "https://registry.npmjs.org/esbuild-android-64/-/esbuild-android-64-0.15.0.tgz",
      "integrity": "sha512-A9wa6quw4nYIhCDH6rudxSTOAIfSOYU3eME8ZkfP21P+WTxz0pFORFDuBjVAcLhkora3bDc23C8UeloKiiQPOg==",
      "cpu": [
        "x64"
      ],
      "dev": true,
      "optional": true,
      "os": [
        "android"
      ],
      "engines": {
        "node": ">=12"
      }
    },
    "node_modules/esbuild-android-arm64": {
      "version": "0.15.0",
      "resolved": "https://registry.npmjs.org/esbuild-android-arm64/-/esbuild-android-arm64-0.15.0.tgz",
      "integrity": "sha512-ujdverhuFUfW99HdF+L9n1wzG950lVL1AJVc1SEbJRaQC22tVq9xXNXkLLq7v4hSZWrdz/MT3hwhnQF0KTMxNg==",
      "cpu": [
        "arm64"
      ],
      "dev": true,
      "optional": true,
      "os": [
        "android"
      ],
      "engines": {
        "node": ">=12"
      }
    },
    "node_modules/esbuild-darwin-64": {
      "version": "0.15.0",
      "resolved": "https://registry.npmjs.org/esbuild-darwin-64/-/esbuild-darwin-64-0.15.0.tgz",
      "integrity": "sha512-aA5SVtXCetQ9ChREG8xDdzv43XGbdz+u4AxQgQZrRu0gXD3yJfawfZgquaej3CxVAlrOgBPbu5z+tA5SVhXAxQ==",
      "cpu": [
        "x64"
      ],
      "dev": true,
      "optional": true,
      "os": [
        "darwin"
      ],
      "engines": {
        "node": ">=12"
      }
    },
    "node_modules/esbuild-darwin-arm64": {
      "version": "0.15.0",
      "resolved": "https://registry.npmjs.org/esbuild-darwin-arm64/-/esbuild-darwin-arm64-0.15.0.tgz",
      "integrity": "sha512-CaxPS5JUQpldeIMVqw0K+vlGfyMphvtIWugPMyXPGTDmUAcWXSha1QRgJ5Fxa9d/cC4DKeC8L8/q7ClzinXxfA==",
      "cpu": [
        "arm64"
      ],
      "dev": true,
      "optional": true,
      "os": [
        "darwin"
      ],
      "engines": {
        "node": ">=12"
      }
    },
    "node_modules/esbuild-freebsd-64": {
      "version": "0.15.0",
      "resolved": "https://registry.npmjs.org/esbuild-freebsd-64/-/esbuild-freebsd-64-0.15.0.tgz",
      "integrity": "sha512-O9yvjry2bmX8sxx42JfwW6g/usZ0e3ndfb3+bquu20qkuEfDodqHNzotOjaKSREvxpw+Ub1zNtXvA/FFekSaOA==",
      "cpu": [
        "x64"
      ],
      "dev": true,
      "optional": true,
      "os": [
        "freebsd"
      ],
      "engines": {
        "node": ">=12"
      }
    },
    "node_modules/esbuild-freebsd-arm64": {
      "version": "0.15.0",
      "resolved": "https://registry.npmjs.org/esbuild-freebsd-arm64/-/esbuild-freebsd-arm64-0.15.0.tgz",
      "integrity": "sha512-Zv8bNAG1lYyCtWi+PVndgys6KRBe5hQgD81tK3zdZ6XEitpCPwF8QShYbV8RacG1YBD7aHKSoWKGkT9+5bMGhw==",
      "cpu": [
        "arm64"
      ],
      "dev": true,
      "optional": true,
      "os": [
        "freebsd"
      ],
      "engines": {
        "node": ">=12"
      }
    },
    "node_modules/esbuild-linux-32": {
      "version": "0.15.0",
      "resolved": "https://registry.npmjs.org/esbuild-linux-32/-/esbuild-linux-32-0.15.0.tgz",
      "integrity": "sha512-QZqCG55D5Wof1WmBJMuihNroLM9S2oDXGkqB0ZHMA67CQw+3cAwWxOKW36n6VFaKiE4MhvUuW7jI+lr2D7nXQQ==",
      "cpu": [
        "ia32"
      ],
      "dev": true,
      "optional": true,
      "os": [
        "linux"
      ],
      "engines": {
        "node": ">=12"
      }
    },
    "node_modules/esbuild-linux-64": {
      "version": "0.15.0",
      "resolved": "https://registry.npmjs.org/esbuild-linux-64/-/esbuild-linux-64-0.15.0.tgz",
      "integrity": "sha512-cmB2vAUWf9W8768H0DuOi6VUrQPCinx/oYhRbuR1TZj873vg1GTqc55LAh1cYCC0xEMd9MjO4YfI43OX4ewI1w==",
      "cpu": [
        "x64"
      ],
      "dev": true,
      "optional": true,
      "os": [
        "linux"
      ],
      "engines": {
        "node": ">=12"
      }
    },
    "node_modules/esbuild-linux-arm": {
      "version": "0.15.0",
      "resolved": "https://registry.npmjs.org/esbuild-linux-arm/-/esbuild-linux-arm-0.15.0.tgz",
      "integrity": "sha512-UyY0Vqd9ngfeWBeJrrqHiXf4ozqXxzNT8ebdNt1ay5hfu/uXes3eVkt1YHP2dcxG/APPE4XDxvKlx0SoSwHP6Q==",
      "cpu": [
        "arm"
      ],
      "dev": true,
      "optional": true,
      "os": [
        "linux"
      ],
      "engines": {
        "node": ">=12"
      }
    },
    "node_modules/esbuild-linux-arm64": {
      "version": "0.15.0",
      "resolved": "https://registry.npmjs.org/esbuild-linux-arm64/-/esbuild-linux-arm64-0.15.0.tgz",
      "integrity": "sha512-bJc8k64Lss+2V8yx9kh4Q48SYPR/k0kxyep2pmvzaGm+AreeMnXI0J33zF4tU/OW9r3pwa74F3/MxF6x275Yhg==",
      "cpu": [
        "arm64"
      ],
      "dev": true,
      "optional": true,
      "os": [
        "linux"
      ],
      "engines": {
        "node": ">=12"
      }
    },
    "node_modules/esbuild-linux-mips64le": {
      "version": "0.15.0",
      "resolved": "https://registry.npmjs.org/esbuild-linux-mips64le/-/esbuild-linux-mips64le-0.15.0.tgz",
      "integrity": "sha512-NoOxC4a1XfM4/zGBIujIuxhPVWvS6UgqE/ksyjZ6qgHQD9lWVjcEv3iPEKKIuHXPE1s+YHvJrdXVup96aVvflQ==",
      "cpu": [
        "mips64el"
      ],
      "dev": true,
      "optional": true,
      "os": [
        "linux"
      ],
      "engines": {
        "node": ">=12"
      }
    },
    "node_modules/esbuild-linux-ppc64le": {
      "version": "0.15.0",
      "resolved": "https://registry.npmjs.org/esbuild-linux-ppc64le/-/esbuild-linux-ppc64le-0.15.0.tgz",
      "integrity": "sha512-OUkEhJAYPaYPvHZxjgnJhWB0qD8q8l1q8CnGLngmPAxb9WZrFwPYmykWBTSqGXeG08stScpkIQXy4HTSF8rH+w==",
      "cpu": [
        "ppc64"
      ],
      "dev": true,
      "optional": true,
      "os": [
        "linux"
      ],
      "engines": {
        "node": ">=12"
      }
    },
    "node_modules/esbuild-linux-riscv64": {
      "version": "0.15.0",
      "resolved": "https://registry.npmjs.org/esbuild-linux-riscv64/-/esbuild-linux-riscv64-0.15.0.tgz",
      "integrity": "sha512-DuSujKNrdCN+kvA0+BBS/ULaINuOeI0iU9XzhIRtTCR5cFJWd6aQTHluKEc3C/a/ib2KTVNjM21cUHi4Tj0NZA==",
      "cpu": [
        "riscv64"
      ],
      "dev": true,
      "optional": true,
      "os": [
        "linux"
      ],
      "engines": {
        "node": ">=12"
      }
    },
    "node_modules/esbuild-linux-s390x": {
      "version": "0.15.0",
      "resolved": "https://registry.npmjs.org/esbuild-linux-s390x/-/esbuild-linux-s390x-0.15.0.tgz",
      "integrity": "sha512-ttGGhgXRpJbsD+XXS2NIBThuEh8EvAJEnVQ9vzXviniPuvpuwKLFNBRPqtX3gE5o2bUQnh5ZugmDVuD9GW2ROg==",
      "cpu": [
        "s390x"
      ],
      "dev": true,
      "optional": true,
      "os": [
        "linux"
      ],
      "engines": {
        "node": ">=12"
      }
    },
    "node_modules/esbuild-netbsd-64": {
      "version": "0.15.0",
      "resolved": "https://registry.npmjs.org/esbuild-netbsd-64/-/esbuild-netbsd-64-0.15.0.tgz",
      "integrity": "sha512-rb6sIQ/gZeQNrgplSLJ0zLirLwr3vQCzbL1jb0Ypay83Uup2s+OEI+Vw+oJ2SomrhVyOPwk/R4AY713bJKdLsQ==",
      "cpu": [
        "x64"
      ],
      "dev": true,
      "optional": true,
      "os": [
        "netbsd"
      ],
      "engines": {
        "node": ">=12"
      }
    },
    "node_modules/esbuild-openbsd-64": {
      "version": "0.15.0",
      "resolved": "https://registry.npmjs.org/esbuild-openbsd-64/-/esbuild-openbsd-64-0.15.0.tgz",
      "integrity": "sha512-CeU7hw291UJQpNg/oJLefmM9Rdeddo2ya9Vw9hdDrUyZAAZckqVRLDh9t4OdqJuXFdlo6BM2qhZCcY22O7wfGg==",
      "cpu": [
        "x64"
      ],
      "dev": true,
      "optional": true,
      "os": [
        "openbsd"
      ],
      "engines": {
        "node": ">=12"
      }
    },
    "node_modules/esbuild-sunos-64": {
      "version": "0.15.0",
      "resolved": "https://registry.npmjs.org/esbuild-sunos-64/-/esbuild-sunos-64-0.15.0.tgz",
      "integrity": "sha512-nE7EcgDw9RT4fR+GJZ5a0spPb2HKT77viCjrGl6GSeb/n3RhxGgVGwPQDI/KRwyVeQMqEOTtHQMNPwNr9TKDDQ==",
      "cpu": [
        "x64"
      ],
      "dev": true,
      "optional": true,
      "os": [
        "sunos"
      ],
      "engines": {
        "node": ">=12"
      }
    },
    "node_modules/esbuild-windows-32": {
      "version": "0.15.0",
      "resolved": "https://registry.npmjs.org/esbuild-windows-32/-/esbuild-windows-32-0.15.0.tgz",
      "integrity": "sha512-FUPwJmPwBoqe8ShhOMfHtSElh1Nyc3s+Kru3m7lDJCjNr3ctx9YJKuzRsz4UXow6Wo79LMQGNyjysQ7UuKgvHQ==",
      "cpu": [
        "ia32"
      ],
      "dev": true,
      "optional": true,
      "os": [
        "win32"
      ],
      "engines": {
        "node": ">=12"
      }
    },
    "node_modules/esbuild-windows-64": {
      "version": "0.15.0",
      "resolved": "https://registry.npmjs.org/esbuild-windows-64/-/esbuild-windows-64-0.15.0.tgz",
      "integrity": "sha512-zNM5bSVOY0SzMFB6k3ZdMwg4JmLVLpEmgVd2fU2STDmEOXdY1APAFPVWkbWMtLF/nfLfaJLfps7+IIJgGyQbGA==",
      "cpu": [
        "x64"
      ],
      "dev": true,
      "optional": true,
      "os": [
        "win32"
      ],
      "engines": {
        "node": ">=12"
      }
    },
    "node_modules/esbuild-windows-arm64": {
      "version": "0.15.0",
      "resolved": "https://registry.npmjs.org/esbuild-windows-arm64/-/esbuild-windows-arm64-0.15.0.tgz",
      "integrity": "sha512-sqhmDwUhUULUnViLD7jAqo4FaOhLN/FMW+dFVSvxSTA9pZSr2w6efky91vTWOcTUmspvYyHyOrJmtktp1ffIaw==",
      "cpu": [
        "arm64"
      ],
      "dev": true,
      "optional": true,
      "os": [
        "win32"
      ],
      "engines": {
        "node": ">=12"
      }
    },
    "node_modules/fsevents": {
      "version": "2.3.2",
      "resolved": "https://registry.npmjs.org/fsevents/-/fsevents-2.3.2.tgz",
      "integrity": "sha512-xiqMQR4xAeHTuB9uWm+fFRcIOgKBMiOBP+eXiyT7jsgVCq1bkVygt00oASowB7EdtpOHaaPgKt812P9ab+DDKA==",
      "dev": true,
      "hasInstallScript": true,
      "optional": true,
      "os": [
        "darwin"
      ],
      "engines": {
        "node": "^8.16.0 || ^10.6.0 || >=11.0.0"
      }
    },
    "node_modules/make-error": {
      "version": "1.3.6",
      "resolved": "https://registry.npmjs.org/make-error/-/make-error-1.3.6.tgz",
      "integrity": "sha512-s8UhlNe7vPKomQhC1qFelMokr/Sc3AgNbso3n74mVPA5LTZwkB9NlXf4XPamLxJE8h0gh73rM94xvwRT2CVInw==",
      "dev": true
    },
    "node_modules/ts-node": {
      "version": "10.9.1",
      "resolved": "https://registry.npmjs.org/ts-node/-/ts-node-10.9.1.tgz",
      "integrity": "sha512-NtVysVPkxxrwFGUUxGYhfux8k78pQB3JqYBXlLRZgdGUqTO5wU/UyHop5p70iEbGhB7q5KmiZiU0Y3KlJrScEw==",
      "dev": true,
      "dependencies": {
        "@cspotcode/source-map-support": "^0.8.0",
        "@tsconfig/node10": "^1.0.7",
        "@tsconfig/node12": "^1.0.7",
        "@tsconfig/node14": "^1.0.0",
        "@tsconfig/node16": "^1.0.2",
        "acorn": "^8.4.1",
        "acorn-walk": "^8.1.1",
        "arg": "^4.1.0",
        "create-require": "^1.1.0",
        "diff": "^4.0.1",
        "make-error": "^1.1.1",
        "v8-compile-cache-lib": "^3.0.1",
        "yn": "3.1.1"
      },
      "bin": {
        "ts-node": "dist/bin.js",
        "ts-node-cwd": "dist/bin-cwd.js",
        "ts-node-esm": "dist/bin-esm.js",
        "ts-node-script": "dist/bin-script.js",
        "ts-node-transpile-only": "dist/bin-transpile.js",
        "ts-script": "dist/bin-script-deprecated.js"
      },
      "peerDependencies": {
        "@swc/core": ">=1.2.50",
        "@swc/wasm": ">=1.2.50",
        "@types/node": "*",
        "typescript": ">=2.7"
      },
      "peerDependenciesMeta": {
        "@swc/core": {
          "optional": true
        },
        "@swc/wasm": {
          "optional": true
        }
      }
    },
    "node_modules/typescript": {
      "version": "4.7.4",
      "resolved": "https://registry.npmjs.org/typescript/-/typescript-4.7.4.tgz",
      "integrity": "sha512-C0WQT0gezHuw6AdY1M2jxUO83Rjf0HP7Sk1DtXj6j1EwkQNZrHAg2XPWlq62oqEhYvONq5pkC2Y9oPljWToLmQ==",
      "bin": {
        "tsc": "bin/tsc",
        "tsserver": "bin/tsserver"
      },
      "engines": {
        "node": ">=4.2.0"
      }
    },
    "node_modules/uuid": {
      "version": "8.3.2",
      "resolved": "https://registry.npmjs.org/uuid/-/uuid-8.3.2.tgz",
      "integrity": "sha512-+NYs2QeMWy+GWFOEm9xnn6HCDp0l7QBD7ml8zLUmJ+93Q5NF0NocErnwkTkXVFNiX3/fpC6afS8Dhb/gz7R7eg==",
      "bin": {
        "uuid": "dist/bin/uuid"
      }
    },
    "node_modules/v8-compile-cache-lib": {
      "version": "3.0.1",
      "resolved": "https://registry.npmjs.org/v8-compile-cache-lib/-/v8-compile-cache-lib-3.0.1.tgz",
      "integrity": "sha512-wa7YjyUGfNZngI/vtK0UHAN+lgDCxBPCylVXGp0zu59Fz5aiGtNXaq3DhIov063MorB+VfufLh3JlF2KdTK3xg==",
      "dev": true
    },
    "node_modules/yn": {
      "version": "3.1.1",
      "resolved": "https://registry.npmjs.org/yn/-/yn-3.1.1.tgz",
      "integrity": "sha512-Ux4ygGWsu2c7isFWe8Yu1YluJmqVhxqK2cLXNQA5AcC3QfbGNpM7fu0Y8b/z16pXLnFxZYvWhd3fhBY9DLmC6Q==",
      "dev": true,
      "engines": {
        "node": ">=6"
      }
    }
  },
  "dependencies": {
    "@cspotcode/source-map-support": {
      "version": "0.8.1",
      "resolved": "https://registry.npmjs.org/@cspotcode/source-map-support/-/source-map-support-0.8.1.tgz",
      "integrity": "sha512-IchNf6dN4tHoMFIn/7OE8LWZ19Y6q/67Bmf6vnGREv8RSbBVb9LPJxEcnwrcwX6ixSvaiGoomAUvu4YSxXrVgw==",
      "dev": true,
      "requires": {
        "@jridgewell/trace-mapping": "0.3.9"
      }
    },
    "@esbuild/linux-loong64": {
      "version": "0.15.0",
      "resolved": "https://registry.npmjs.org/@esbuild/linux-loong64/-/linux-loong64-0.15.0.tgz",
      "integrity": "sha512-7ChD3qsxRPIPp9bfjspZiM/x8B1UZL7IKwp0YdnC1kKsDCB5Q8/TexedeeEbkI9inlunu8Lll2lP2wnkiXTCLA==",
      "dev": true,
      "optional": true
    },
    "@jridgewell/resolve-uri": {
      "version": "3.1.0",
      "resolved": "https://registry.npmjs.org/@jridgewell/resolve-uri/-/resolve-uri-3.1.0.tgz",
      "integrity": "sha512-F2msla3tad+Mfht5cJq7LSXcdudKTWCVYUgw6pLFOOHSTtZlj6SWNYAp+AhuqLmWdBO2X5hPrLcu8cVP8fy28w==",
      "dev": true
    },
    "@jridgewell/sourcemap-codec": {
      "version": "1.4.14",
      "resolved": "https://registry.npmjs.org/@jridgewell/sourcemap-codec/-/sourcemap-codec-1.4.14.tgz",
      "integrity": "sha512-XPSJHWmi394fuUuzDnGz1wiKqWfo1yXecHQMRf2l6hztTO+nPru658AyDngaBe7isIxEkRsPR3FZh+s7iVa4Uw==",
      "dev": true
    },
    "@jridgewell/trace-mapping": {
      "version": "0.3.9",
      "resolved": "https://registry.npmjs.org/@jridgewell/trace-mapping/-/trace-mapping-0.3.9.tgz",
      "integrity": "sha512-3Belt6tdc8bPgAtbcmdtNJlirVoTmEb5e2gC94PnkwEW9jI6CAHUeoG85tjWP5WquqfavoMtMwiG4P926ZKKuQ==",
      "dev": true,
      "requires": {
        "@jridgewell/resolve-uri": "^3.0.3",
        "@jridgewell/sourcemap-codec": "^1.4.10"
      }
    },
    "@k-foss/ts-esnode": {
      "version": "2.0.2",
      "resolved": "https://registry.npmjs.org/@k-foss/ts-esnode/-/ts-esnode-2.0.2.tgz",
      "integrity": "sha512-ysEOUR7EkvSsmwNc3AWUL8Rk3IT4fM6GgXImEtIGLj8nO0PGLfAp4yCsJoC6ZqwfhnTxL6viaNqnk9yqpKmx3Q==",
      "requires": {}
    },
    "@tsconfig/node10": {
      "version": "1.0.9",
      "resolved": "https://registry.npmjs.org/@tsconfig/node10/-/node10-1.0.9.tgz",
      "integrity": "sha512-jNsYVVxU8v5g43Erja32laIDHXeoNvFEpX33OK4d6hljo3jDhCBDhx5dhCCTMWUojscpAagGiRkBKxpdl9fxqA==",
      "dev": true
    },
    "@tsconfig/node12": {
      "version": "1.0.11",
      "resolved": "https://registry.npmjs.org/@tsconfig/node12/-/node12-1.0.11.tgz",
      "integrity": "sha512-cqefuRsh12pWyGsIoBKJA9luFu3mRxCA+ORZvA4ktLSzIuCUtWVxGIuXigEwO5/ywWFMZ2QEGKWvkZG1zDMTag==",
      "dev": true
    },
    "@tsconfig/node14": {
      "version": "1.0.3",
      "resolved": "https://registry.npmjs.org/@tsconfig/node14/-/node14-1.0.3.tgz",
      "integrity": "sha512-ysT8mhdixWK6Hw3i1V2AeRqZ5WfXg1G43mqoYlM2nc6388Fq5jcXyr5mRsqViLx/GJYdoL0bfXD8nmF+Zn/Iow==",
      "dev": true
    },
    "@tsconfig/node16": {
      "version": "1.0.3",
      "resolved": "https://registry.npmjs.org/@tsconfig/node16/-/node16-1.0.3.tgz",
      "integrity": "sha512-yOlFc+7UtL/89t2ZhjPvvB/DeAr3r+Dq58IgzsFkOAvVC6NMJXmCGjbptdXdR9qsX7pKcTL+s87FtYREi2dEEQ==",
      "dev": true
    },
    "@types/node": {
      "version": "18.6.5",
      "resolved": "https://registry.npmjs.org/@types/node/-/node-18.6.5.tgz",
      "integrity": "sha512-Xjt5ZGUa5WusGZJ4WJPbOT8QOqp6nDynVFRKcUt32bOgvXEoc6o085WNkYTMO7ifAj2isEfQQ2cseE+wT6jsRw==",
      "dev": true
    },
    "@types/uuid": {
      "version": "8.3.4",
      "resolved": "https://registry.npmjs.org/@types/uuid/-/uuid-8.3.4.tgz",
      "integrity": "sha512-c/I8ZRb51j+pYGAu5CrFMRxqZ2ke4y2grEBO5AUjgSkSk+qT2Ea+OdWElz/OiMf5MNpn2b17kuVBwZLQJXzihw=="
    },
    "acorn": {
      "version": "8.8.0",
      "resolved": "https://registry.npmjs.org/acorn/-/acorn-8.8.0.tgz",
      "integrity": "sha512-QOxyigPVrpZ2GXT+PFyZTl6TtOFc5egxHIP9IlQ+RbupQuX4RkT/Bee4/kQuC02Xkzg84JcT7oLYtDIQxp+v7w==",
      "dev": true
    },
    "acorn-walk": {
      "version": "8.2.0",
      "resolved": "https://registry.npmjs.org/acorn-walk/-/acorn-walk-8.2.0.tgz",
      "integrity": "sha512-k+iyHEuPgSw6SbuDpGQM+06HQUa04DZ3o+F6CSzXMvvI5KMvnaEqXe+YVe555R9nn6GPt404fos4wcgpw12SDA==",
      "dev": true
    },
    "arg": {
      "version": "4.1.3",
      "resolved": "https://registry.npmjs.org/arg/-/arg-4.1.3.tgz",
      "integrity": "sha512-58S9QDqG0Xx27YwPSt9fJxivjYl432YCwfDMfZ+71RAqUrZef7LrKQZ3LHLOwCS4FLNBplP533Zx895SeOCHvA==",
      "dev": true
    },
    "aws-cdk": {
      "version": "2.37.0",
      "resolved": "https://registry.npmjs.org/aws-cdk/-/aws-cdk-2.37.0.tgz",
      "integrity": "sha512-ntDHyZsb3RRXGhaMfngcTu8ntQ/kwcO4qRqWPt+be0TybbvqjNfaV/MBGb8hHPuTUmQOJhoyjcE1lyYEyCtBrg==",
      "dev": true,
      "requires": {
        "fsevents": "2.3.2"
      }
    },
    "aws-cdk-lib": {
      "version": "2.37.0",
      "resolved": "https://registry.npmjs.org/aws-cdk-lib/-/aws-cdk-lib-2.37.0.tgz",
      "integrity": "sha512-dIeJO3qTJI6nUbPB1T0GdolZ8ictNyqwWM21BfQn5i/DoTwOArIR3/DANuw5FjyjdN1KhtZJeTwipX4Vk2VPfA==",
      "dev": true,
      "requires": {
        "@balena/dockerignore": "^1.0.2",
        "case": "1.6.3",
        "fs-extra": "^9.1.0",
        "ignore": "^5.2.0",
        "jsonschema": "^1.4.1",
        "minimatch": "^3.1.2",
        "punycode": "^2.1.1",
        "semver": "^7.3.7",
        "yaml": "1.10.2"
      },
      "dependencies": {
        "@balena/dockerignore": {
          "version": "1.0.2",
          "bundled": true,
          "dev": true
        },
        "at-least-node": {
          "version": "1.0.0",
          "bundled": true,
          "dev": true
        },
        "balanced-match": {
          "version": "1.0.2",
          "bundled": true,
          "dev": true
        },
        "brace-expansion": {
          "version": "1.1.11",
          "bundled": true,
          "dev": true,
          "requires": {
            "balanced-match": "^1.0.0",
            "concat-map": "0.0.1"
          }
        },
        "case": {
          "version": "1.6.3",
          "bundled": true,
          "dev": true
        },
        "concat-map": {
          "version": "0.0.1",
          "bundled": true,
          "dev": true
        },
        "fs-extra": {
          "version": "9.1.0",
          "bundled": true,
          "dev": true,
          "requires": {
            "at-least-node": "^1.0.0",
            "graceful-fs": "^4.2.0",
            "jsonfile": "^6.0.1",
            "universalify": "^2.0.0"
          }
        },
        "graceful-fs": {
          "version": "4.2.10",
          "bundled": true,
          "dev": true
        },
        "ignore": {
          "version": "5.2.0",
          "bundled": true,
          "dev": true
        },
        "jsonfile": {
          "version": "6.1.0",
          "bundled": true,
          "dev": true,
          "requires": {
            "graceful-fs": "^4.1.6",
            "universalify": "^2.0.0"
          }
        },
        "jsonschema": {
          "version": "1.4.1",
          "bundled": true,
          "dev": true
        },
        "lru-cache": {
          "version": "6.0.0",
          "bundled": true,
          "dev": true,
          "requires": {
            "yallist": "^4.0.0"
          }
        },
        "minimatch": {
          "version": "3.1.2",
          "bundled": true,
          "dev": true,
          "requires": {
            "brace-expansion": "^1.1.7"
          }
        },
        "punycode": {
          "version": "2.1.1",
          "bundled": true,
          "dev": true
        },
        "semver": {
          "version": "7.3.7",
          "bundled": true,
          "dev": true,
          "requires": {
            "lru-cache": "^6.0.0"
          }
        },
        "universalify": {
          "version": "2.0.0",
          "bundled": true,
          "dev": true
        },
        "yallist": {
          "version": "4.0.0",
          "bundled": true,
          "dev": true
        },
        "yaml": {
          "version": "1.10.2",
          "bundled": true,
          "dev": true
        }
      }
    },
    "constructs": {
      "version": "10.1.71",
      "resolved": "https://registry.npmjs.org/constructs/-/constructs-10.1.71.tgz",
      "integrity": "sha512-nvjfjxqAkgOXljN+Qb2QndtmpjjrltwQ4d1+DL9OII38VnwtbGSvkpKao3CucXERj2JV8zTDx6leRSMgz6QIjw==",
      "dev": true
    },
    "create-require": {
      "version": "1.1.1",
      "resolved": "https://registry.npmjs.org/create-require/-/create-require-1.1.1.tgz",
      "integrity": "sha512-dcKFX3jn0MpIaXjisoRvexIJVEKzaq7z2rZKxf+MSr9TkdmHmsU4m2lcLojrj/FHl8mk5VxMmYA+ftRkP/3oKQ==",
      "dev": true
    },
    "diff": {
      "version": "4.0.2",
      "resolved": "https://registry.npmjs.org/diff/-/diff-4.0.2.tgz",
      "integrity": "sha512-58lmxKSA4BNyLz+HHMUzlOEpg09FV+ev6ZMe3vJihgdxzgcwZ8VoEEPmALCZG9LmqfVoNMMKpttIYTVG6uDY7A==",
      "dev": true
    },
    "esbuild": {
      "version": "0.15.0",
      "resolved": "https://registry.npmjs.org/esbuild/-/esbuild-0.15.0.tgz",
      "integrity": "sha512-UUDSelGc/EOhzn0zpkdhLA3iB+jq2OS5gnMUMz/BqAKBIsWR2fTHqrddNPt2PNj3OUchqcMcTHSUBr+VpYpcsQ==",
      "dev": true,
      "requires": {
        "@esbuild/linux-loong64": "0.15.0",
        "esbuild-android-64": "0.15.0",
        "esbuild-android-arm64": "0.15.0",
        "esbuild-darwin-64": "0.15.0",
        "esbuild-darwin-arm64": "0.15.0",
        "esbuild-freebsd-64": "0.15.0",
        "esbuild-freebsd-arm64": "0.15.0",
        "esbuild-linux-32": "0.15.0",
        "esbuild-linux-64": "0.15.0",
        "esbuild-linux-arm": "0.15.0",
        "esbuild-linux-arm64": "0.15.0",
        "esbuild-linux-mips64le": "0.15.0",
        "esbuild-linux-ppc64le": "0.15.0",
        "esbuild-linux-riscv64": "0.15.0",
        "esbuild-linux-s390x": "0.15.0",
        "esbuild-netbsd-64": "0.15.0",
        "esbuild-openbsd-64": "0.15.0",
        "esbuild-sunos-64": "0.15.0",
        "esbuild-windows-32": "0.15.0",
        "esbuild-windows-64": "0.15.0",
        "esbuild-windows-arm64": "0.15.0"
      }
    },
    "esbuild-android-64": {
      "version": "0.15.0",
      "resolved": "https://registry.npmjs.org/esbuild-android-64/-/esbuild-android-64-0.15.0.tgz",
      "integrity": "sha512-A9wa6quw4nYIhCDH6rudxSTOAIfSOYU3eME8ZkfP21P+WTxz0pFORFDuBjVAcLhkora3bDc23C8UeloKiiQPOg==",
      "dev": true,
      "optional": true
    },
    "esbuild-android-arm64": {
      "version": "0.15.0",
      "resolved": "https://registry.npmjs.org/esbuild-android-arm64/-/esbuild-android-arm64-0.15.0.tgz",
      "integrity": "sha512-ujdverhuFUfW99HdF+L9n1wzG950lVL1AJVc1SEbJRaQC22tVq9xXNXkLLq7v4hSZWrdz/MT3hwhnQF0KTMxNg==",
      "dev": true,
      "optional": true
    },
    "esbuild-darwin-64": {
      "version": "0.15.0",
      "resolved": "https://registry.npmjs.org/esbuild-darwin-64/-/esbuild-darwin-64-0.15.0.tgz",
      "integrity": "sha512-aA5SVtXCetQ9ChREG8xDdzv43XGbdz+u4AxQgQZrRu0gXD3yJfawfZgquaej3CxVAlrOgBPbu5z+tA5SVhXAxQ==",
      "dev": true,
      "optional": true
    },
    "esbuild-darwin-arm64": {
      "version": "0.15.0",
      "resolved": "https://registry.npmjs.org/esbuild-darwin-arm64/-/esbuild-darwin-arm64-0.15.0.tgz",
      "integrity": "sha512-CaxPS5JUQpldeIMVqw0K+vlGfyMphvtIWugPMyXPGTDmUAcWXSha1QRgJ5Fxa9d/cC4DKeC8L8/q7ClzinXxfA==",
      "dev": true,
      "optional": true
    },
    "esbuild-freebsd-64": {
      "version": "0.15.0",
      "resolved": "https://registry.npmjs.org/esbuild-freebsd-64/-/esbuild-freebsd-64-0.15.0.tgz",
      "integrity": "sha512-O9yvjry2bmX8sxx42JfwW6g/usZ0e3ndfb3+bquu20qkuEfDodqHNzotOjaKSREvxpw+Ub1zNtXvA/FFekSaOA==",
      "dev": true,
      "optional": true
    },
    "esbuild-freebsd-arm64": {
      "version": "0.15.0",
      "resolved": "https://registry.npmjs.org/esbuild-freebsd-arm64/-/esbuild-freebsd-arm64-0.15.0.tgz",
      "integrity": "sha512-Zv8bNAG1lYyCtWi+PVndgys6KRBe5hQgD81tK3zdZ6XEitpCPwF8QShYbV8RacG1YBD7aHKSoWKGkT9+5bMGhw==",
      "dev": true,
      "optional": true
    },
    "esbuild-linux-32": {
      "version": "0.15.0",
      "resolved": "https://registry.npmjs.org/esbuild-linux-32/-/esbuild-linux-32-0.15.0.tgz",
      "integrity": "sha512-QZqCG55D5Wof1WmBJMuihNroLM9S2oDXGkqB0ZHMA67CQw+3cAwWxOKW36n6VFaKiE4MhvUuW7jI+lr2D7nXQQ==",
      "dev": true,
      "optional": true
    },
    "esbuild-linux-64": {
      "version": "0.15.0",
      "resolved": "https://registry.npmjs.org/esbuild-linux-64/-/esbuild-linux-64-0.15.0.tgz",
      "integrity": "sha512-cmB2vAUWf9W8768H0DuOi6VUrQPCinx/oYhRbuR1TZj873vg1GTqc55LAh1cYCC0xEMd9MjO4YfI43OX4ewI1w==",
      "dev": true,
      "optional": true
    },
    "esbuild-linux-arm": {
      "version": "0.15.0",
      "resolved": "https://registry.npmjs.org/esbuild-linux-arm/-/esbuild-linux-arm-0.15.0.tgz",
      "integrity": "sha512-UyY0Vqd9ngfeWBeJrrqHiXf4ozqXxzNT8ebdNt1ay5hfu/uXes3eVkt1YHP2dcxG/APPE4XDxvKlx0SoSwHP6Q==",
      "dev": true,
      "optional": true
    },
    "esbuild-linux-arm64": {
      "version": "0.15.0",
      "resolved": "https://registry.npmjs.org/esbuild-linux-arm64/-/esbuild-linux-arm64-0.15.0.tgz",
      "integrity": "sha512-bJc8k64Lss+2V8yx9kh4Q48SYPR/k0kxyep2pmvzaGm+AreeMnXI0J33zF4tU/OW9r3pwa74F3/MxF6x275Yhg==",
      "dev": true,
      "optional": true
    },
    "esbuild-linux-mips64le": {
      "version": "0.15.0",
      "resolved": "https://registry.npmjs.org/esbuild-linux-mips64le/-/esbuild-linux-mips64le-0.15.0.tgz",
      "integrity": "sha512-NoOxC4a1XfM4/zGBIujIuxhPVWvS6UgqE/ksyjZ6qgHQD9lWVjcEv3iPEKKIuHXPE1s+YHvJrdXVup96aVvflQ==",
      "dev": true,
      "optional": true
    },
    "esbuild-linux-ppc64le": {
      "version": "0.15.0",
      "resolved": "https://registry.npmjs.org/esbuild-linux-ppc64le/-/esbuild-linux-ppc64le-0.15.0.tgz",
      "integrity": "sha512-OUkEhJAYPaYPvHZxjgnJhWB0qD8q8l1q8CnGLngmPAxb9WZrFwPYmykWBTSqGXeG08stScpkIQXy4HTSF8rH+w==",
      "dev": true,
      "optional": true
    },
    "esbuild-linux-riscv64": {
      "version": "0.15.0",
      "resolved": "https://registry.npmjs.org/esbuild-linux-riscv64/-/esbuild-linux-riscv64-0.15.0.tgz",
      "integrity": "sha512-DuSujKNrdCN+kvA0+BBS/ULaINuOeI0iU9XzhIRtTCR5cFJWd6aQTHluKEc3C/a/ib2KTVNjM21cUHi4Tj0NZA==",
      "dev": true,
      "optional": true
    },
    "esbuild-linux-s390x": {
      "version": "0.15.0",
      "resolved": "https://registry.npmjs.org/esbuild-linux-s390x/-/esbuild-linux-s390x-0.15.0.tgz",
      "integrity": "sha512-ttGGhgXRpJbsD+XXS2NIBThuEh8EvAJEnVQ9vzXviniPuvpuwKLFNBRPqtX3gE5o2bUQnh5ZugmDVuD9GW2ROg==",
      "dev": true,
      "optional": true
    },
    "esbuild-netbsd-64": {
      "version": "0.15.0",
      "resolved": "https://registry.npmjs.org/esbuild-netbsd-64/-/esbuild-netbsd-64-0.15.0.tgz",
      "integrity": "sha512-rb6sIQ/gZeQNrgplSLJ0zLirLwr3vQCzbL1jb0Ypay83Uup2s+OEI+Vw+oJ2SomrhVyOPwk/R4AY713bJKdLsQ==",
      "dev": true,
      "optional": true
    },
    "esbuild-openbsd-64": {
      "version": "0.15.0",
      "resolved": "https://registry.npmjs.org/esbuild-openbsd-64/-/esbuild-openbsd-64-0.15.0.tgz",
      "integrity": "sha512-CeU7hw291UJQpNg/oJLefmM9Rdeddo2ya9Vw9hdDrUyZAAZckqVRLDh9t4OdqJuXFdlo6BM2qhZCcY22O7wfGg==",
      "dev": true,
      "optional": true
    },
    "esbuild-sunos-64": {
      "version": "0.15.0",
      "resolved": "https://registry.npmjs.org/esbuild-sunos-64/-/esbuild-sunos-64-0.15.0.tgz",
      "integrity": "sha512-nE7EcgDw9RT4fR+GJZ5a0spPb2HKT77viCjrGl6GSeb/n3RhxGgVGwPQDI/KRwyVeQMqEOTtHQMNPwNr9TKDDQ==",
      "dev": true,
      "optional": true
    },
    "esbuild-windows-32": {
      "version": "0.15.0",
      "resolved": "https://registry.npmjs.org/esbuild-windows-32/-/esbuild-windows-32-0.15.0.tgz",
      "integrity": "sha512-FUPwJmPwBoqe8ShhOMfHtSElh1Nyc3s+Kru3m7lDJCjNr3ctx9YJKuzRsz4UXow6Wo79LMQGNyjysQ7UuKgvHQ==",
      "dev": true,
      "optional": true
    },
    "esbuild-windows-64": {
      "version": "0.15.0",
      "resolved": "https://registry.npmjs.org/esbuild-windows-64/-/esbuild-windows-64-0.15.0.tgz",
      "integrity": "sha512-zNM5bSVOY0SzMFB6k3ZdMwg4JmLVLpEmgVd2fU2STDmEOXdY1APAFPVWkbWMtLF/nfLfaJLfps7+IIJgGyQbGA==",
      "dev": true,
      "optional": true
    },
    "esbuild-windows-arm64": {
      "version": "0.15.0",
      "resolved": "https://registry.npmjs.org/esbuild-windows-arm64/-/esbuild-windows-arm64-0.15.0.tgz",
      "integrity": "sha512-sqhmDwUhUULUnViLD7jAqo4FaOhLN/FMW+dFVSvxSTA9pZSr2w6efky91vTWOcTUmspvYyHyOrJmtktp1ffIaw==",
      "dev": true,
      "optional": true
    },
    "fsevents": {
      "version": "2.3.2",
      "resolved": "https://registry.npmjs.org/fsevents/-/fsevents-2.3.2.tgz",
      "integrity": "sha512-xiqMQR4xAeHTuB9uWm+fFRcIOgKBMiOBP+eXiyT7jsgVCq1bkVygt00oASowB7EdtpOHaaPgKt812P9ab+DDKA==",
      "dev": true,
      "optional": true
    },
    "make-error": {
      "version": "1.3.6",
      "resolved": "https://registry.npmjs.org/make-error/-/make-error-1.3.6.tgz",
      "integrity": "sha512-s8UhlNe7vPKomQhC1qFelMokr/Sc3AgNbso3n74mVPA5LTZwkB9NlXf4XPamLxJE8h0gh73rM94xvwRT2CVInw==",
      "dev": true
    },
    "ts-node": {
      "version": "10.9.1",
      "resolved": "https://registry.npmjs.org/ts-node/-/ts-node-10.9.1.tgz",
      "integrity": "sha512-NtVysVPkxxrwFGUUxGYhfux8k78pQB3JqYBXlLRZgdGUqTO5wU/UyHop5p70iEbGhB7q5KmiZiU0Y3KlJrScEw==",
      "dev": true,
      "requires": {
        "@cspotcode/source-map-support": "^0.8.0",
        "@tsconfig/node10": "^1.0.7",
        "@tsconfig/node12": "^1.0.7",
        "@tsconfig/node14": "^1.0.0",
        "@tsconfig/node16": "^1.0.2",
        "acorn": "^8.4.1",
        "acorn-walk": "^8.1.1",
        "arg": "^4.1.0",
        "create-require": "^1.1.0",
        "diff": "^4.0.1",
        "make-error": "^1.1.1",
        "v8-compile-cache-lib": "^3.0.1",
        "yn": "3.1.1"
      }
    },
    "typescript": {
      "version": "4.7.4",
      "resolved": "https://registry.npmjs.org/typescript/-/typescript-4.7.4.tgz",
      "integrity": "sha512-C0WQT0gezHuw6AdY1M2jxUO83Rjf0HP7Sk1DtXj6j1EwkQNZrHAg2XPWlq62oqEhYvONq5pkC2Y9oPljWToLmQ=="
    },
    "uuid": {
      "version": "8.3.2",
      "resolved": "https://registry.npmjs.org/uuid/-/uuid-8.3.2.tgz",
      "integrity": "sha512-+NYs2QeMWy+GWFOEm9xnn6HCDp0l7QBD7ml8zLUmJ+93Q5NF0NocErnwkTkXVFNiX3/fpC6afS8Dhb/gz7R7eg=="
    },
    "v8-compile-cache-lib": {
      "version": "3.0.1",
      "resolved": "https://registry.npmjs.org/v8-compile-cache-lib/-/v8-compile-cache-lib-3.0.1.tgz",
      "integrity": "sha512-wa7YjyUGfNZngI/vtK0UHAN+lgDCxBPCylVXGp0zu59Fz5aiGtNXaq3DhIov063MorB+VfufLh3JlF2KdTK3xg==",
      "dev": true
    },
    "yn": {
      "version": "3.1.1",
      "resolved": "https://registry.npmjs.org/yn/-/yn-3.1.1.tgz",
      "integrity": "sha512-Ux4ygGWsu2c7isFWe8Yu1YluJmqVhxqK2cLXNQA5AcC3QfbGNpM7fu0Y8b/z16pXLnFxZYvWhd3fhBY9DLmC6Q==",
      "dev": true
    }
  }
}
